{
  "requires": true,
  "lockfileVersion": 1,
  "dependencies": {
    "svg.js": {
      "version": "2.6.3",
      "resolved": "https://registry.npmjs.org/svg.js/-/svg.js-2.6.3.tgz",
      "integrity": "sha512-qsqIyfE9t30S5pL/vPvsb2y1Mhyho5WgsQSFa7WqmMrdbK2Yf0WYZD3xzEREDH6D70DtTssqFTptJzF/IoG4gw=="
    }
  }
}
