{
  "requires": true,
  "lockfileVersion": 1,
  "dependencies": {
    "svg.js": {
      "version": "2.6.4",
      "resolved": "https://registry.npmjs.org/svg.js/-/svg.js-2.6.4.tgz",
      "integrity": "sha512-P+LLmhgekUtpCbyLZgf0wg2uft7IplifCi5STNEtVa6dMCY5MubLPvClViIsU9YQMZ7f+9Vm97ahxcg68PF1RA=="
    }
  }
}
