{
  "requires": true,
  "lockfileVersion": 1,
  "dependencies": {
    "svg.easing.js": {
      "version": "2.0.0",
      "resolved": "https://registry.npmjs.org/svg.easing.js/-/svg.easing.js-2.0.0.tgz",
      "integrity": "sha1-iqmUawqOJ4V6XEChDrpAkeVpHxI=",
      "requires": {
        "svg.js": "2.6.3"
      }
    },
    "svg.js": {
      "version": "2.6.4",
      "resolved": "https://registry.npmjs.org/svg.js/-/svg.js-2.6.4.tgz",
      "integrity": "sha512-P+LLmhgekUtpCbyLZgf0wg2uft7IplifCi5STNEtVa6dMCY5MubLPvClViIsU9YQMZ7f+9Vm97ahxcg68PF1RA=="
    }
  }
}
